
Microsoft Visual Studio Solution File, Format Version 12.00
# Visual Studio Version 17
VisualStudioVersion = 17.3.32819.101
MinimumVisualStudioVersion = 10.0.40219.1
Project("{FAE04EC0-301F-11D3-BF4B-00C04F79EFBC}") = "ClassroomTeachersWorkplace", "ClassroomTeachersWorkplace\ClassroomTeachersWorkplace.csproj", "{514E6157-B228-4C25-B43F-CC82E82AA7CA}"
EndProject
Project("{2150E333-8FDC-42A3-9474-1A3956D46DE8}") = "Элементы решения", "Элементы решения", "{5C5E932A-5AB7-4A19-BABA-F41675FCE77A}"
	ProjectSection(SolutionItems) = preProject
		ClassroomTeachersWorkplace\Documents\lichCartUchash.docx = ClassroomTeachersWorkplace\Documents\lichCartUchash.docx
		ClassroomTeachersWorkplace\Documents\protocolParentsEvent.docx = ClassroomTeachersWorkplace\Documents\protocolParentsEvent.docx
		ClassroomTeachersWorkplace\Documents\SocPasport.docx = ClassroomTeachersWorkplace\Documents\SocPasport.docx
		ClassroomTeachersWorkplace\Documents\spravka.docx = ClassroomTeachersWorkplace\Documents\spravka.docx
	EndProjectSection
EndProject
Global
	GlobalSection(SolutionConfigurationPlatforms) = preSolution
		Debug|Any CPU = Debug|Any CPU
		Release|Any CPU = Release|Any CPU
	EndGlobalSection
	GlobalSection(ProjectConfigurationPlatforms) = postSolution
		{514E6157-B228-4C25-B43F-CC82E82AA7CA}.Debug|Any CPU.ActiveCfg = Debug|Any CPU
		{514E6157-B228-4C25-B43F-CC82E82AA7CA}.Debug|Any CPU.Build.0 = Debug|Any CPU
		{514E6157-B228-4C25-B43F-CC82E82AA7CA}.Release|Any CPU.ActiveCfg = Release|Any CPU
		{514E6157-B228-4C25-B43F-CC82E82AA7CA}.Release|Any CPU.Build.0 = Release|Any CPU
	EndGlobalSection
	GlobalSection(SolutionProperties) = preSolution
		HideSolutionNode = FALSE
	EndGlobalSection
	GlobalSection(ExtensibilityGlobals) = postSolution
		SolutionGuid = {529F6681-812D-47BD-AEB2-E7DCB1E867C4}
	EndGlobalSection
EndGlobal
